
Microsoft Visual Studio Solution File, Format Version 12.00
# Visual Studio Version 16
VisualStudioVersion = 16.0.31424.327
MinimumVisualStudioVersion = 10.0.40219.1
Project("{FAE04EC0-301F-11D3-BF4B-00C04F79EFBC}") = "RegularX.Core", "RegularX.Core\RegularX.Core.csproj", "{8D1C3A71-8EE6-4BCE-86BF-C170D8F7384F}"
EndProject
Project("{FAE04EC0-301F-11D3-BF4B-00C04F79EFBC}") = "RegularX.Tests", "RegularX.Tests\RegularX.Tests.csproj", "{D557AF07-BB6C-477C-BB6C-F360408A42DE}"
EndProject
Global
	GlobalSection(SolutionConfigurationPlatforms) = preSolution
		Debug|Any CPU = Debug|Any CPU
		Release|Any CPU = Release|Any CPU
	EndGlobalSection
	GlobalSection(ProjectConfigurationPlatforms) = postSolution
		{8D1C3A71-8EE6-4BCE-86BF-C170D8F7384F}.Debug|Any CPU.ActiveCfg = Debug|Any CPU
		{8D1C3A71-8EE6-4BCE-86BF-C170D8F7384F}.Debug|Any CPU.Build.0 = Debug|Any CPU
		{8D1C3A71-8EE6-4BCE-86BF-C170D8F7384F}.Release|Any CPU.ActiveCfg = Release|Any CPU
		{8D1C3A71-8EE6-4BCE-86BF-C170D8F7384F}.Release|Any CPU.Build.0 = Release|Any CPU
		{D557AF07-BB6C-477C-BB6C-F360408A42DE}.Debug|Any CPU.ActiveCfg = Debug|Any CPU
		{D557AF07-BB6C-477C-BB6C-F360408A42DE}.Debug|Any CPU.Build.0 = Debug|Any CPU
		{D557AF07-BB6C-477C-BB6C-F360408A42DE}.Release|Any CPU.ActiveCfg = Release|Any CPU
		{D557AF07-BB6C-477C-BB6C-F360408A42DE}.Release|Any CPU.Build.0 = Release|Any CPU
	EndGlobalSection
	GlobalSection(SolutionProperties) = preSolution
		HideSolutionNode = FALSE
	EndGlobalSection
	GlobalSection(ExtensibilityGlobals) = postSolution
		SolutionGuid = {D394C020-C3F9-4FB3-8367-1E38AAE33444}
	EndGlobalSection
EndGlobal
